
Microsoft Visual Studio Solution File, Format Version 12.00
# Visual Studio Version 17
VisualStudioVersion = 17.4.33205.214
MinimumVisualStudioVersion = 10.0.40219.1
Project("{FAE04EC0-301F-11D3-BF4B-00C04F79EFBC}") = "Lab_2_OOP", "Lab_2_OOP\Lab_2_OOP.csproj", "{58495191-B18F-4C62-8880-8795714637EB}"
EndProject
Global
	GlobalSection(SolutionConfigurationPlatforms) = preSolution
		Debug|Any CPU = Debug|Any CPU
		Release|Any CPU = Release|Any CPU
	EndGlobalSection
	GlobalSection(ProjectConfigurationPlatforms) = postSolution
		{58495191-B18F-4C62-8880-8795714637EB}.Debug|Any CPU.ActiveCfg = Debug|Any CPU
		{58495191-B18F-4C62-8880-8795714637EB}.Debug|Any CPU.Build.0 = Debug|Any CPU
		{58495191-B18F-4C62-8880-8795714637EB}.Release|Any CPU.ActiveCfg = Release|Any CPU
		{58495191-B18F-4C62-8880-8795714637EB}.Release|Any CPU.Build.0 = Release|Any CPU
	EndGlobalSection
	GlobalSection(SolutionProperties) = preSolution
		HideSolutionNode = FALSE
	EndGlobalSection
	GlobalSection(ExtensibilityGlobals) = postSolution
		SolutionGuid = {904EE0E6-FCFA-444C-967E-B03703A9B2B0}
	EndGlobalSection
EndGlobal
